#MicroXplorer Configuration settings - do not modify
Mcu.Family=STM32F1
RCC.PLLSourceVirtual=RCC_PLLSOURCE_HSE
ProjectManager.MainLocation=Src
RCC.MCOFreq_Value=72000000
PA6.Mode=Full_Duplex_Master
ProjectManager.ProjectFileName=blue_pill_config.ioc
USART2.IPParameters=VirtualMode
PA7.Mode=Full_Duplex_Master
PD1-OSC_OUT.Mode=HSE-External-Oscillator
ProjectManager.KeepUserCode=true
Mcu.UserName=STM32F103C8Tx
Mcu.PinsNb=14
SPI1.VirtualType=VM_MASTER
ProjectManager.NoMain=false
SPI1.IPParameters=VirtualType,Mode,Direction,BaudRatePrescaler,CalculateBaudRate
RCC.PLLCLKFreq_Value=72000000
PC13-TAMPER-RTC.GPIOParameters=GPIO_Speed,GPIO_PuPd
ProjectManager.functionlistsort=1-SystemClock_Config-RCC-false-HAL-false,2-MX_GPIO_Init-GPIO-false-HAL-true,3-MX_USART2_UART_Init-USART2-false-HAL-true,4-MX_SPI1_Init-SPI1-false-HAL-true,5-MX_TIM2_Init-TIM2-false-HAL-true
PC13-TAMPER-RTC.Signal=GPIO_Output
RCC.RTCFreq_Value=40000
RCC.ADCFreqValue=36000000
ProjectManager.DefaultFWLocation=true
PB0.GPIO_Label=SS
PD0-OSC_IN.Signal=RCC_OSC_IN
ProjectManager.DeletePrevious=true
RCC.APB1CLKDivider=RCC_HCLK_DIV2
NVIC.USART2_IRQn=true\:0\:0\:false\:false\:true\:true\:true
PinOutPanel.RotationAngle=0
RCC.FamilyName=M
RCC.SYSCLKSource=RCC_SYSCLKSOURCE_PLLCLK
ProjectManager.StackSize=0x400
PD1-OSC_OUT.Signal=RCC_OSC_OUT
PA13.Signal=SYS_JTMS-SWDIO
PA3.Mode=Asynchronous
Mcu.IP4=TIM2
RCC.FCLKCortexFreq_Value=72000000
Mcu.IP5=USART2
NVIC.SVCall_IRQn=true\:0\:0\:false\:false\:true\:false\:false
Mcu.IP2=SPI1
Mcu.IP3=SYS
Mcu.IP0=NVIC
Mcu.IP1=RCC
Mcu.UserConstants=
ProjectManager.TargetToolchain=SW4STM32
PB0.PinState=GPIO_PIN_SET
Mcu.ThirdPartyNb=0
SPI1.Direction=SPI_DIRECTION_2LINES
RCC.HCLKFreq_Value=72000000
Mcu.IPNb=6
TIM2.IPParameters=Prescaler,Period
ProjectManager.PreviousToolchain=SW4STM32
RCC.APB2TimFreq_Value=72000000
SPI1.CalculateBaudRate=9.0 MBits/s
Mcu.Pin6=PA6
Mcu.Pin7=PA7
VP_TIM2_VS_ClockSourceINT.Signal=TIM2_VS_ClockSourceINT
Mcu.Pin8=PB0
PC13-TAMPER-RTC.Locked=true
RCC.USBFreq_Value=72000000
Mcu.Pin9=PB1
RCC.AHBFreq_Value=72000000
Mcu.Pin0=PC13-TAMPER-RTC
PB1.Locked=true
Mcu.Pin1=PD0-OSC_IN
PD0-OSC_IN.Mode=HSE-External-Oscillator
Mcu.Pin2=PD1-OSC_OUT
Mcu.Pin3=PA2
Mcu.Pin4=PA3
Mcu.Pin5=PA5
PA5.Signal=SPI1_SCK
ProjectManager.ProjectBuild=false
NVIC.UsageFault_IRQn=true\:0\:0\:false\:false\:true\:false\:false
NVIC.DebugMonitor_IRQn=true\:0\:0\:false\:false\:true\:false\:false
board=custom
NVIC.SysTick_IRQn=true\:0\:0\:false\:false\:true\:false\:true
ProjectManager.LastFirmware=true
RCC.PLLMUL=RCC_PLL_MUL9
RCC.VCOOutput2Freq_Value=8000000
ProjectManager.FirmwarePackage=STM32Cube FW_F1 V1.8.0
MxDb.Version=DB.5.0.40
PB0.GPIOParameters=PinState,GPIO_Label
RCC.APB2Freq_Value=72000000
ProjectManager.BackupPrevious=false
MxCube.Version=5.4.0
VP_TIM2_VS_ClockSourceINT.Mode=Internal
SPI1.Mode=SPI_MODE_MASTER
PA14.Mode=Serial_Wire
PB1.GPIO_Label=CE
File.Version=6
VP_SYS_VS_Systick.Mode=SysTick
NVIC.NonMaskableInt_IRQn=true\:0\:0\:false\:false\:true\:false\:false
NVIC.PendSV_IRQn=true\:0\:0\:false\:false\:true\:false\:false
TIM2.Period=65535
PC13-TAMPER-RTC.GPIO_Speed=GPIO_SPEED_FREQ_MEDIUM
PA13.Mode=Serial_Wire
ProjectManager.FreePins=false
RCC.IPParameters=ADCFreqValue,AHBFreq_Value,APB1CLKDivider,APB1Freq_Value,APB1TimFreq_Value,APB2Freq_Value,APB2TimFreq_Value,FCLKCortexFreq_Value,FamilyName,HCLKFreq_Value,MCOFreq_Value,PLLCLKFreq_Value,PLLMCOFreq_Value,PLLMUL,PLLSourceVirtual,RTCFreq_Value,SYSCLKFreq_VALUE,SYSCLKSource,TimSysFreq_Value,USBFreq_Value,VCOOutput2Freq_Value
ProjectManager.AskForMigrate=false
Mcu.Name=STM32F103C(8-B)Tx
ProjectManager.HalAssertFull=false
PB0.Locked=true
PA2.Signal=USART2_TX
ProjectManager.ProjectName=blue_pill_config
ProjectManager.UnderRoot=true
RCC.PLLMCOFreq_Value=36000000
ProjectManager.CoupleFile=false
RCC.SYSCLKFreq_VALUE=72000000
Mcu.Package=LQFP48
TIM2.Prescaler=72
PB1.Signal=GPIO_Output
PA6.Signal=SPI1_MISO
RCC.TimSysFreq_Value=72000000
NVIC.ForceEnableDMAVector=true
KeepUserPlacement=false
USART2.VirtualMode=VM_ASYNC
NVIC.MemoryManagement_IRQn=true\:0\:0\:false\:false\:true\:false\:false
PC13-TAMPER-RTC.GPIO_PuPd=GPIO_PULLUP
ProjectManager.CompilerOptimize=6
ProjectManager.ToolChainLocation=
VP_SYS_VS_Systick.Signal=SYS_VS_Systick
PA14.Signal=SYS_JTCK-SWCLK
ProjectManager.HeapSize=0x200
NVIC.HardFault_IRQn=true\:0\:0\:false\:false\:false\:false\:false
Mcu.Pin13=VP_TIM2_VS_ClockSourceINT
ProjectManager.ComputerToolchain=false
NVIC.PriorityGroup=NVIC_PRIORITYGROUP_4
Mcu.Pin11=PA14
Mcu.Pin12=VP_SYS_VS_Systick
Mcu.Pin10=PA13
RCC.APB1TimFreq_Value=72000000
PA2.Mode=Asynchronous
NVIC.BusFault_IRQn=true\:0\:0\:false\:false\:true\:false\:false
RCC.APB1Freq_Value=36000000
SPI1.BaudRatePrescaler=SPI_BAUDRATEPRESCALER_8
PB0.Signal=GPIO_Output
ProjectManager.CustomerFirmwarePackage=
ProjectManager.DeviceId=STM32F103C8Tx
ProjectManager.LibraryCopy=1
PB1.GPIOParameters=GPIO_Label
PA3.Signal=USART2_RX
PA7.Signal=SPI1_MOSI
PA5.Mode=Full_Duplex_Master
